// !$*UTF8*$!
{
	archiveVersion = 1;
	classes = {
	};
	objectVersion = 46;
	objects = {

/* Begin PBXBuildFile section */
		07CA37CB1E920A9D0055E45E /* AppDelegate.swift in Sources */ = {isa = PBXBuildFile; fileRef = 07CA37CA1E920A9D0055E45E /* AppDelegate.swift */; };
		07CA37CD1E920A9D0055E45E /* ViewController.swift in Sources */ = {isa = PBXBuildFile; fileRef = 07CA37CC1E920A9D0055E45E /* ViewController.swift */; };
		07CA37D01E920A9D0055E45E /* Main.storyboard in Resources */ = {isa = PBXBuildFile; fileRef = 07CA37CE1E920A9D0055E45E /* Main.storyboard */; };
		07CA37D21E920A9D0055E45E /* Assets.xcassets in Resources */ = {isa = PBXBuildFile; fileRef = 07CA37D11E920A9D0055E45E /* Assets.xcassets */; };
		07CA37D51E920A9D0055E45E /* LaunchScreen.storyboard in Resources */ = {isa = PBXBuildFile; fileRef = 07CA37D31E920A9D0055E45E /* LaunchScreen.storyboard */; };
		07CA37DE1E920B290055E45E /* JQEmitterButton.swift in Sources */ = {isa = PBXBuildFile; fileRef = 07CA37DD1E920B290055E45E /* JQEmitterButton.swift */; };
/* End PBXBuildFile section */

/* Begin PBXFileReference section */
		07CA37C71E920A9D0055E45E /* JQLike.app */ = {isa = PBXFileReference; explicitFileType = wrapper.application; includeInIndex = 0; path = JQLike.app; sourceTree = BUILT_PRODUCTS_DIR; };
		07CA37CA1E920A9D0055E45E /* AppDelegate.swift */ = {isa = PBXFileReference; lastKnownFileType = sourcecode.swift; path = AppDelegate.swift; sourceTree = "<group>"; };
		07CA37CC1E920A9D0055E45E /* ViewController.swift */ = {isa = PBXFileReference; lastKnownFileType = sourcecode.swift; path = ViewController.swift; sourceTree = "<group>"; };
		07CA37CF1E920A9D0055E45E /* Base */ = {isa = PBXFileReference; lastKnownFileType = file.storyboard; name = Base; path = Base.lproj/Main.storyboard; sourceTree = "<group>"; };
		07CA37D11E920A9D0055E45E /* Assets.xcassets */ = {isa = PBXFileReference; lastKnownFileType = folder.assetcatalog; path = Assets.xcassets; sourceTree = "<group>"; };
		07CA37D41E920A9D0055E45E /* Base */ = {isa = PBXFileReference; lastKnownFileType = file.storyboard; name = Base; path = Base.lproj/LaunchScreen.storyboard; sourceTree = "<group>"; };
		07CA37D61E920A9D0055E45E /* Info.plist */ = {isa = PBXFileReference; lastKnownFileType = text.plist.xml; path = Info.plist; sourceTree = "<group>"; };
		07CA37DD1E920B290055E45E /* JQEmitterButton.swift */ = {isa = PBXFileReference; fileEncoding = 4; lastKnownFileType = sourcecode.swift; path = JQEmitterButton.swift; sourceTree = "<group>"; };
/* End PBXFileReference section */

/* Begin PBXFrameworksBuildPhase section */
		07CA37C41E920A9D0055E45E /* Frameworks */ = {
			isa = PBXFrameworksBuildPhase;
			buildActionMask = 2147483647;
			files = (
			);
			runOnlyForDeploymentPostprocessing = 0;
		};
/* End PBXFrameworksBuildPhase section */

/* Begin PBXGroup section */
		07CA37BE1E920A9D0055E45E = {
			isa = PBXGroup;
			children = (
				07CA37C91E920A9D0055E45E /* JQLike */,
				07CA37DC1E920B290055E45E /* JQEmitter */,
				07CA37C81E920A9D0055E45E /* Products */,
			);
			sourceTree = "<group>";
		};
		07CA37C81E920A9D0055E45E /* Products */ = {
			isa = PBXGroup;
			children = (
				07CA37C71E920A9D0055E45E /* JQLike.app */,
			);
			name = Products;
			sourceTree = "<group>";
		};
		07CA37C91E920A9D0055E45E /* JQLike */ = {
			isa = PBXGroup;
			children = (
				07CA37CA1E920A9D0055E45E /* AppDelegate.swift */,
				07CA37CC1E920A9D0055E45E /* ViewController.swift */,
				07CA37CE1E920A9D0055E45E /* Main.storyboard */,
				07CA37D11E920A9D0055E45E /* Assets.xcassets */,
				07CA37D31E920A9D0055E45E /* LaunchScreen.storyboard */,
				07CA37D61E920A9D0055E45E /* Info.plist */,
			);
			path = JQLike;
			sourceTree = "<group>";
		};
		07CA37DC1E920B290055E45E /* JQEmitter */ = {
			isa = PBXGroup;
			children = (
				07CA37DD1E920B290055E45E /* JQEmitterButton.swift */,
			);
			path = JQEmitter;
			sourceTree = "<group>";
		};
/* End PBXGroup section */

/* Begin PBXNativeTarget section */
		07CA37C61E920A9D0055E45E /* JQLike */ = {
			isa = PBXNativeTarget;
			buildConfigurationList = 07CA37D91E920A9D0055E45E /* Build configuration list for PBXNativeTarget "JQLike" */;
			buildPhases = (
				07CA37C31E920A9D0055E45E /* Sources */,
				07CA37C41E920A9D0055E45E /* Frameworks */,
				07CA37C51E920A9D0055E45E /* Resources */,
			);
			buildRules = (
			);
			dependencies = (
			);
			name = JQLike;
			productName = JQLike;
			productReference = 07CA37C71E920A9D0055E45E /* JQLike.app */;
			productType = "com.apple.product-type.application";
		};
/* End PBXNativeTarget section */

/* Begin PBXProject section */
		07CA37BF1E920A9D0055E45E /* Project object */ = {
			isa = PBXProject;
			attributes = {
				LastSwiftUpdateCheck = 0810;
				LastUpgradeCheck = 0810;
				ORGANIZATIONNAME = joeyQi;
				TargetAttributes = {
					07CA37C61E920A9D0055E45E = {
						CreatedOnToolsVersion = 8.1;
						ProvisioningStyle = Automatic;
					};
				};
			};
			buildConfigurationList = 07CA37C21E920A9D0055E45E /* Build configuration list for PBXProject "JQLike" */;
			compatibilityVersion = "Xcode 3.2";
			developmentRegion = English;
			hasScannedForEncodings = 0;
			knownRegions = (
				en,
				Base,
			);
			mainGroup = 07CA37BE1E920A9D0055E45E;
			productRefGroup = 07CA37C81E920A9D0055E45E /* Products */;
			projectDirPath = "";
			projectRoot = "";
			targets = (
				07CA37C61E920A9D0055E45E /* JQLike */,
			);
		};
/* End PBXProject section */

/* Begin PBXResourcesBuildPhase section */
		07CA37C51E920A9D0055E45E /* Resources */ = {
			isa = PBXResourcesBuildPhase;
			buildActionMask = 2147483647;
			files = (
				07CA37D51E920A9D0055E45E /* LaunchScreen.storyboard in Resources */,
				07CA37D21E920A9D0055E45E /* Assets.xcassets in Resources */,
				07CA37D01E920A9D0055E45E /* Main.storyboard in Resources */,
			);
			runOnlyForDeploymentPostprocessing = 0;
		};
/* End PBXResourcesBuildPhase section */

/* Begin PBXSourcesBuildPhase section */
		07CA37C31E920A9D0055E45E /* Sources */ = {
			isa = PBXSourcesBuildPhase;
			buildActionMask = 2147483647;
			files = (
				07CA37DE1E920B290055E45E /* JQEmitterButton.swift in Sources */,
				07CA37CD1E920A9D0055E45E /* ViewController.swift in Sources */,
				07CA37CB1E920A9D0055E45E /* AppDelegate.swift in Sources */,
			);
			runOnlyForDeploymentPostprocessing = 0;
		};
/* End PBXSourcesBuildPhase section */

/* Begin PBXVariantGroup section */
		07CA37CE1E920A9D0055E45E /* Main.storyboard */ = {
			isa = PBXVariantGroup;
			children = (
				07CA37CF1E920A9D0055E45E /* Base */,
			);
			name = Main.storyboard;
			sourceTree = "<group>";
		};
		07CA37D31E920A9D0055E45E /* LaunchScreen.storyboard */ = {
			isa = PBXVariantGroup;
			children = (
				07CA37D41E920A9D0055E45E /* Base */,
			);
			name = LaunchScreen.storyboard;
			sourceTree = "<group>";
		};
/* End PBXVariantGroup section */

/* Begin XCBuildConfiguration section */
		07CA37D71E920A9D0055E45E /* Debug */ = {
			isa = XCBuildConfiguration;
			buildSettings = {
				ALWAYS_SEARCH_USER_PATHS = NO;
				CLANG_ANALYZER_NONNULL = YES;
				CLANG_CXX_LANGUAGE_STANDARD = "gnu++0x";
				CLANG_CXX_LIBRARY = "libc++";
				CLANG_ENABLE_MODULES = YES;
				CLANG_ENABLE_OBJC_ARC = YES;
				CLANG_WARN_BOOL_CONVERSION = YES;
				CLANG_WARN_CONSTANT_CONVERSION = YES;
				CLANG_WARN_DIRECT_OBJC_ISA_USAGE = YES_ERROR;
				CLANG_WARN_DOCUMENTATION_COMMENTS = YES;
				CLANG_WARN_EMPTY_BODY = YES;
				CLANG_WARN_ENUM_CONVERSION = YES;
				CLANG_WARN_INFINITE_RECURSION = YES;
				CLANG_WARN_INT_CONVERSION = YES;
				CLANG_WARN_OBJC_ROOT_CLASS = YES_ERROR;
				CLANG_WARN_SUSPICIOUS_MOVES = YES;
				CLANG_WARN_UNREACHABLE_CODE = YES;
				CLANG_WARN__DUPLICATE_METHOD_MATCH = YES;
				"CODE_SIGN_IDENTITY[sdk=iphoneos*]" = "iPhone Developer";
				COPY_PHASE_STRIP = NO;
				DEBUG_INFORMATION_FORMAT = dwarf;
				ENABLE_STRICT_OBJC_MSGSEND = YES;
				ENABLE_TESTABILITY = YES;
				GCC_C_LANGUAGE_STANDARD = gnu99;
				GCC_DYNAMIC_NO_PIC = NO;
				GCC_NO_COMMON_BLOCKS = YES;
				GCC_OPTIMIZATION_LEVEL = 0;
				GCC_PREPROCESSOR_DEFINITIONS = (
					"DEBUG=1",
					"$(inherited)",
				);
				GCC_WARN_64_TO_32_BIT_CONVERSION = YES;
				GCC_WARN_ABOUT_RETURN_TYPE = YES_ERROR;
				GCC_WARN_UNDECLARED_SELECTOR = YES;
				GCC_WARN_UNINITIALIZED_AUTOS = YES_AGGRESSIVE;
				GCC_WARN_UNUSED_FUNCTION = YES;
				GCC_WARN_UNUSED_VARIABLE = YES;
				IPHONEOS_DEPLOYMENT_TARGET = 10.1;
				MTL_ENABLE_DEBUG_INFO = YES;
				ONLY_ACTIVE_ARCH = YES;
				SDKROOT = iphoneos;
				SWIFT_ACTIVE_COMPILATION_CONDITIONS = DEBUG;
				SWIFT_OPTIMIZATION_LEVEL = "-Onone";
			};
			name = Debug;
		};
		07CA37D81E920A9D0055E45E /* Release */ = {
			isa = XCBuildConfiguration;
			buildSettings = {
				ALWAYS_SEARCH_USER_PATHS = NO;
				CLANG_ANALYZER_NONNULL = YES;
				CLANG_CXX_LANGUAGE_STANDARD = "gnu++0x";
				CLANG_CXX_LIBRARY = "libc++";
				CLANG_ENABLE_MODULES = YES;
				CLANG_ENABLE_OBJC_ARC = YES;
				CLANG_WARN_BOOL_CONVERSION = YES;
				CLANG_WARN_CONSTANT_CONVERSION = YES;
				CLANG_WARN_DIRECT_OBJC_ISA_USAGE = YES_ERROR;
				CLANG_WARN_DOCUMENTATION_COMMENTS = YES;
				CLANG_WARN_EMPTY_BODY = YES;
				CLANG_WARN_ENUM_CONVERSION = YES;
				CLANG_WARN_INFINITE_RECURSION = YES;
				CLANG_WARN_INT_CONVERSION = YES;
				CLANG_WARN_OBJC_ROOT_CLASS = YES_ERROR;
				CLANG_WARN_SUSPICIOUS_MOVES = YES;
				CLANG_WARN_UNREACHABLE_CODE = YES;
				CLANG_WARN__DUPLICATE_METHOD_MATCH = YES;
				"CODE_SIGN_IDENTITY[sdk=iphoneos*]" = "iPhone Developer";
				COPY_PHASE_STRIP = NO;
				DEBUG_INFORMATION_FORMAT = "dwarf-with-dsym";
				ENABLE_NS_ASSERTIONS = NO;
				ENABLE_STRICT_OBJC_MSGSEND = YES;
				GCC_C_LANGUAGE_STANDARD = gnu99;
				GCC_NO_COMMON_BLOCKS = YES;
				GCC_WARN_64_TO_32_BIT_CONVERSION = YES;
				GCC_WARN_ABOUT_RETURN_TYPE = YES_ERROR;
				GCC_WARN_UNDECLARED_SELECTOR = YES;
				GCC_WARN_UNINITIALIZED_AUTOS = YES_AGGRESSIVE;
				GCC_WARN_UNUSED_FUNCTION = YES;
				GCC_WARN_UNUSED_VARIABLE = YES;
				IPHONEOS_DEPLOYMENT_TARGET = 10.1;
				MTL_ENABLE_DEBUG_INFO = NO;
				SDKROOT = iphoneos;
				SWIFT_OPTIMIZATION_LEVEL = "-Owholemodule";
				VALIDATE_PRODUCT = YES;
			};
			name = Release;
		};
		07CA37DA1E920A9D0055E45E /* Debug */ = {
			isa = XCBuildConfiguration;
			buildSettings = {
				ASSETCATALOG_COMPILER_APPICON_NAME = AppIcon;
				INFOPLIST_FILE = JQLike/Info.plist;
				LD_RUNPATH_SEARCH_PATHS = "$(inherited) @executable_path/Frameworks";
				PRODUCT_BUNDLE_IDENTIFIER = com.ecaray.JQLike;
				PRODUCT_NAME = "$(TARGET_NAME)";
				SWIFT_VERSION = 3.0;
			};
			name = Debug;
		};
		07CA37DB1E920A9D0055E45E /* Release */ = {
			isa = XCBuildConfiguration;
			buildSettings = {
				ASSETCATALOG_COMPILER_APPICON_NAME = AppIcon;
				INFOPLIST_FILE = JQLike/Info.plist;
				LD_RUNPATH_SEARCH_PATHS = "$(inherited) @executable_path/Frameworks";
				PRODUCT_BUNDLE_IDENTIFIER = com.ecaray.JQLike;
				PRODUCT_NAME = "$(TARGET_NAME)";
				SWIFT_VERSION = 3.0;
			};
			name = Release;
		};
/* End XCBuildConfiguration section */

/* Begin XCConfigurationList section */
		07CA37C21E920A9D0055E45E /* Build configuration list for PBXProject "JQLike" */ = {
			isa = XCConfigurationList;
			buildConfigurations = (
				07CA37D71E920A9D0055E45E /* Debug */,
				07CA37D81E920A9D0055E45E /* Release */,
			);
			defaultConfigurationIsVisible = 0;
			defaultConfigurationName = Release;
		};
		07CA37D91E920A9D0055E45E /* Build configuration list for PBXNativeTarget "JQLike" */ = {
			isa = XCConfigurationList;
			buildConfigurations = (
				07CA37DA1E920A9D0055E45E /* Debug */,
				07CA37DB1E920A9D0055E45E /* Release */,
			);
			defaultConfigurationIsVisible = 0;
		};
/* End XCConfigurationList section */
	};
	rootObject = 07CA37BF1E920A9D0055E45E /* Project object */;
}
